
Microsoft Visual Studio Solution File, Format Version 12.00
# Visual Studio Version 17
VisualStudioVersion = 17.6.33815.320
MinimumVisualStudioVersion = 10.0.40219.1
Project("{FAE04EC0-301F-11D3-BF4B-00C04F79EFBC}") = "Session11-Day6FileStream", "Session11-Day6FileStream.csproj", "{A7207625-AD8A-4087-B6BC-D4B39425CE96}"
EndProject
Global
	GlobalSection(SolutionConfigurationPlatforms) = preSolution
		Debug|Any CPU = Debug|Any CPU
		Release|Any CPU = Release|Any CPU
	EndGlobalSection
	GlobalSection(ProjectConfigurationPlatforms) = postSolution
		{A7207625-AD8A-4087-B6BC-D4B39425CE96}.Debug|Any CPU.ActiveCfg = Debug|Any CPU
		{A7207625-AD8A-4087-B6BC-D4B39425CE96}.Debug|Any CPU.Build.0 = Debug|Any CPU
		{A7207625-AD8A-4087-B6BC-D4B39425CE96}.Release|Any CPU.ActiveCfg = Release|Any CPU
		{A7207625-AD8A-4087-B6BC-D4B39425CE96}.Release|Any CPU.Build.0 = Release|Any CPU
	EndGlobalSection
	GlobalSection(SolutionProperties) = preSolution
		HideSolutionNode = FALSE
	EndGlobalSection
	GlobalSection(ExtensibilityGlobals) = postSolution
		SolutionGuid = {A6086CF8-DDBC-40AA-9E81-656AE3A03341}
	EndGlobalSection
EndGlobal
