
Microsoft Visual Studio Solution File, Format Version 12.00
# Visual Studio Version 17
VisualStudioVersion = 17.6.33815.320
MinimumVisualStudioVersion = 10.0.40219.1
Project("{FAE04EC0-301F-11D3-BF4B-00C04F79EFBC}") = "ClassLibrary1", "ClassLibrary1.csproj", "{D47DA0D0-1479-405F-B682-C8354CB16FAE}"
EndProject
Project("{FAE04EC0-301F-11D3-BF4B-00C04F79EFBC}") = "StudentC", "..\StudentC\StudentC.csproj", "{97DAF579-08BC-4E13-AD19-F55699FD9D3C}"
EndProject
Global
	GlobalSection(SolutionConfigurationPlatforms) = preSolution
		Debug|Any CPU = Debug|Any CPU
		Release|Any CPU = Release|Any CPU
	EndGlobalSection
	GlobalSection(ProjectConfigurationPlatforms) = postSolution
		{D47DA0D0-1479-405F-B682-C8354CB16FAE}.Debug|Any CPU.ActiveCfg = Debug|Any CPU
		{D47DA0D0-1479-405F-B682-C8354CB16FAE}.Debug|Any CPU.Build.0 = Debug|Any CPU
		{D47DA0D0-1479-405F-B682-C8354CB16FAE}.Release|Any CPU.ActiveCfg = Release|Any CPU
		{D47DA0D0-1479-405F-B682-C8354CB16FAE}.Release|Any CPU.Build.0 = Release|Any CPU
		{97DAF579-08BC-4E13-AD19-F55699FD9D3C}.Debug|Any CPU.ActiveCfg = Debug|Any CPU
		{97DAF579-08BC-4E13-AD19-F55699FD9D3C}.Debug|Any CPU.Build.0 = Debug|Any CPU
		{97DAF579-08BC-4E13-AD19-F55699FD9D3C}.Release|Any CPU.ActiveCfg = Release|Any CPU
		{97DAF579-08BC-4E13-AD19-F55699FD9D3C}.Release|Any CPU.Build.0 = Release|Any CPU
	EndGlobalSection
	GlobalSection(SolutionProperties) = preSolution
		HideSolutionNode = FALSE
	EndGlobalSection
	GlobalSection(ExtensibilityGlobals) = postSolution
		SolutionGuid = {E110D1CF-7D5B-4507-AC43-6A637050A0D9}
	EndGlobalSection
EndGlobal
