
Microsoft Visual Studio Solution File, Format Version 12.00
# Visual Studio Version 17
VisualStudioVersion = 17.6.33815.320
MinimumVisualStudioVersion = 10.0.40219.1
Project("{FAE04EC0-301F-11D3-BF4B-00C04F79EFBC}") = "Session12-Day6", "Session12-Day6.csproj", "{3D6EB12B-640D-41DC-AE4A-27150D97396C}"
EndProject
Global
	GlobalSection(SolutionConfigurationPlatforms) = preSolution
		Debug|Any CPU = Debug|Any CPU
		Release|Any CPU = Release|Any CPU
	EndGlobalSection
	GlobalSection(ProjectConfigurationPlatforms) = postSolution
		{3D6EB12B-640D-41DC-AE4A-27150D97396C}.Debug|Any CPU.ActiveCfg = Debug|Any CPU
		{3D6EB12B-640D-41DC-AE4A-27150D97396C}.Debug|Any CPU.Build.0 = Debug|Any CPU
		{3D6EB12B-640D-41DC-AE4A-27150D97396C}.Release|Any CPU.ActiveCfg = Release|Any CPU
		{3D6EB12B-640D-41DC-AE4A-27150D97396C}.Release|Any CPU.Build.0 = Release|Any CPU
	EndGlobalSection
	GlobalSection(SolutionProperties) = preSolution
		HideSolutionNode = FALSE
	EndGlobalSection
	GlobalSection(ExtensibilityGlobals) = postSolution
		SolutionGuid = {7B9BBE56-3FCE-4DB4-8715-C54C8B6901C3}
	EndGlobalSection
EndGlobal
