
Microsoft Visual Studio Solution File, Format Version 12.00
# Visual Studio Version 17
VisualStudioVersion = 17.6.33815.320
MinimumVisualStudioVersion = 10.0.40219.1
Project("{FAE04EC0-301F-11D3-BF4B-00C04F79EFBC}") = "EmployeeManagementSystem", "EmployeeManagementSystem.csproj", "{5DA8F719-70A5-4640-BBB8-3C1FD165E039}"
EndProject
Global
	GlobalSection(SolutionConfigurationPlatforms) = preSolution
		Debug|Any CPU = Debug|Any CPU
		Release|Any CPU = Release|Any CPU
	EndGlobalSection
	GlobalSection(ProjectConfigurationPlatforms) = postSolution
		{5DA8F719-70A5-4640-BBB8-3C1FD165E039}.Debug|Any CPU.ActiveCfg = Debug|Any CPU
		{5DA8F719-70A5-4640-BBB8-3C1FD165E039}.Debug|Any CPU.Build.0 = Debug|Any CPU
		{5DA8F719-70A5-4640-BBB8-3C1FD165E039}.Release|Any CPU.ActiveCfg = Release|Any CPU
		{5DA8F719-70A5-4640-BBB8-3C1FD165E039}.Release|Any CPU.Build.0 = Release|Any CPU
	EndGlobalSection
	GlobalSection(SolutionProperties) = preSolution
		HideSolutionNode = FALSE
	EndGlobalSection
	GlobalSection(ExtensibilityGlobals) = postSolution
		SolutionGuid = {72239587-F0A0-4468-9463-0E5BD30F663D}
	EndGlobalSection
EndGlobal
