
Microsoft Visual Studio Solution File, Format Version 12.00
# Visual Studio Version 17
VisualStudioVersion = 17.6.33815.320
MinimumVisualStudioVersion = 10.0.40219.1
Project("{FAE04EC0-301F-11D3-BF4B-00C04F79EFBC}") = "StudentGradeSystem", "StudentGradeSystem.csproj", "{2E681421-A072-409D-9383-A5D9ACD46081}"
EndProject
Global
	GlobalSection(SolutionConfigurationPlatforms) = preSolution
		Debug|Any CPU = Debug|Any CPU
		Release|Any CPU = Release|Any CPU
	EndGlobalSection
	GlobalSection(ProjectConfigurationPlatforms) = postSolution
		{2E681421-A072-409D-9383-A5D9ACD46081}.Debug|Any CPU.ActiveCfg = Debug|Any CPU
		{2E681421-A072-409D-9383-A5D9ACD46081}.Debug|Any CPU.Build.0 = Debug|Any CPU
		{2E681421-A072-409D-9383-A5D9ACD46081}.Release|Any CPU.ActiveCfg = Release|Any CPU
		{2E681421-A072-409D-9383-A5D9ACD46081}.Release|Any CPU.Build.0 = Release|Any CPU
	EndGlobalSection
	GlobalSection(SolutionProperties) = preSolution
		HideSolutionNode = FALSE
	EndGlobalSection
	GlobalSection(ExtensibilityGlobals) = postSolution
		SolutionGuid = {6F59B91E-2EF4-4087-8CC5-1EF4D44E5CED}
	EndGlobalSection
EndGlobal
